github.com/474420502/random v0.5.1 h1:AA/r690QEKiVdCsFD9OKbjUmmtmLJQ7Qxd4IMVV1sbc=
github.com/474420502/random v0.5.1/go.mod h1:Kq5VC8ezVvzp9CUahvebIdlSiFdHzEzscaOScLvbw2c=
github.com/474420502/structure v1.0.1 h1:X8hM0m6CA+13HZI2/Uv3pO+Kce3cm/ZGfXVeE+S4uN8=
github.com/474420502/structure v1.0.1/go.mod h1:rND3ZSiZH84JKV43+bR0/iUHvLlhkcBmW9hyUNkr3bU=
github.com/klauspost/compress v1.13.5 h1:9O69jUPDcsT9fEm74W92rZL9FQY7rCdaXVneq+yyzl4=
github.com/klauspost/compress v1.13.5/go.mod h1:/3/Vjq9QcHkK5uEr5lBEmyoZ1iFhe47etQ6QUkpK6sk=
